
Microsoft Visual Studio Solution File, Format Version 12.00
# Visual Studio Version 17
VisualStudioVersion = 17.13.35825.156
MinimumVisualStudioVersion = 10.0.40219.1
Project("{FAE04EC0-301F-11D3-BF4B-00C04F79EFBC}") = "ui", "ui.csproj", "{CCEDEC77-9236-4613-8FC3-D82274869F0E}"
EndProject
Project("{FAE04EC0-301F-11D3-BF4B-00C04F79EFBC}") = "lab2", "..\lab2\lab2.csproj", "{B1CA2963-27A3-7B7E-6515-7CF91905CF95}"
EndProject
Project("{FAE04EC0-301F-11D3-BF4B-00C04F79EFBC}") = "lab3", "..\lab3\lab3.csproj", "{A5404537-4076-451E-BACE-53AA26E2669E}"
EndProject
Global
	GlobalSection(SolutionConfigurationPlatforms) = preSolution
		Debug|Any CPU = Debug|Any CPU
		Release|Any CPU = Release|Any CPU
	EndGlobalSection
	GlobalSection(ProjectConfigurationPlatforms) = postSolution
		{CCEDEC77-9236-4613-8FC3-D82274869F0E}.Debug|Any CPU.ActiveCfg = Debug|Any CPU
		{CCEDEC77-9236-4613-8FC3-D82274869F0E}.Debug|Any CPU.Build.0 = Debug|Any CPU
		{CCEDEC77-9236-4613-8FC3-D82274869F0E}.Debug|Any CPU.Deploy.0 = Debug|Any CPU
		{CCEDEC77-9236-4613-8FC3-D82274869F0E}.Release|Any CPU.ActiveCfg = Release|Any CPU
		{CCEDEC77-9236-4613-8FC3-D82274869F0E}.Release|Any CPU.Build.0 = Release|Any CPU
		{CCEDEC77-9236-4613-8FC3-D82274869F0E}.Release|Any CPU.Deploy.0 = Release|Any CPU
		{B1CA2963-27A3-7B7E-6515-7CF91905CF95}.Debug|Any CPU.ActiveCfg = Debug|Any CPU
		{B1CA2963-27A3-7B7E-6515-7CF91905CF95}.Debug|Any CPU.Build.0 = Debug|Any CPU
		{B1CA2963-27A3-7B7E-6515-7CF91905CF95}.Release|Any CPU.ActiveCfg = Release|Any CPU
		{B1CA2963-27A3-7B7E-6515-7CF91905CF95}.Release|Any CPU.Build.0 = Release|Any CPU
		{A5404537-4076-451E-BACE-53AA26E2669E}.Debug|Any CPU.ActiveCfg = Debug|Any CPU
		{A5404537-4076-451E-BACE-53AA26E2669E}.Debug|Any CPU.Build.0 = Debug|Any CPU
		{A5404537-4076-451E-BACE-53AA26E2669E}.Release|Any CPU.ActiveCfg = Release|Any CPU
		{A5404537-4076-451E-BACE-53AA26E2669E}.Release|Any CPU.Build.0 = Release|Any CPU
	EndGlobalSection
	GlobalSection(SolutionProperties) = preSolution
		HideSolutionNode = FALSE
	EndGlobalSection
	GlobalSection(ExtensibilityGlobals) = postSolution
		SolutionGuid = {9D2A704C-26E2-4E7B-96C9-A34A2BE74887}
	EndGlobalSection
EndGlobal
